
Microsoft Visual Studio Solution File, Format Version 12.00
# Visual Studio Version 17
VisualStudioVersion = 17.14.36429.23 d17.14
MinimumVisualStudioVersion = 10.0.40219.1
Project("{FAE04EC0-301F-11D3-BF4B-00C04F79EFBC}") = "Doc-Patient-Backend", "Doc-Patient-Backend\Doc-Patient-Backend.csproj", "{C162B4BA-20F0-418A-AFF8-B15514AFD4DA}"
EndProject
Global
	GlobalSection(SolutionConfigurationPlatforms) = preSolution
		Debug|Any CPU = Debug|Any CPU
		Release|Any CPU = Release|Any CPU
	EndGlobalSection
	GlobalSection(ProjectConfigurationPlatforms) = postSolution
		{C162B4BA-20F0-418A-AFF8-B15514AFD4DA}.Debug|Any CPU.ActiveCfg = Debug|Any CPU
		{C162B4BA-20F0-418A-AFF8-B15514AFD4DA}.Debug|Any CPU.Build.0 = Debug|Any CPU
		{C162B4BA-20F0-418A-AFF8-B15514AFD4DA}.Release|Any CPU.ActiveCfg = Release|Any CPU
		{C162B4BA-20F0-418A-AFF8-B15514AFD4DA}.Release|Any CPU.Build.0 = Release|Any CPU
	EndGlobalSection
	GlobalSection(SolutionProperties) = preSolution
		HideSolutionNode = FALSE
	EndGlobalSection
	GlobalSection(ExtensibilityGlobals) = postSolution
		SolutionGuid = {2106AE42-F12E-4483-AC82-95863319BD86}
	EndGlobalSection
EndGlobal
